// !$*UTF8*$!
{
	archiveVersion = 1;
	classes = {
	};
	objectVersion = 46;
	objects = {

/* Begin PBXBuildFile section */
		929374101D17C4EC00B9EDFB /* AppDelegate.swift in Sources */ = {isa = PBXBuildFile; fileRef = 9293740F1D17C4EC00B9EDFB /* AppDelegate.swift */; };
		929374121D17C4EC00B9EDFB /* ViewController.swift in Sources */ = {isa = PBXBuildFile; fileRef = 929374111D17C4EC00B9EDFB /* ViewController.swift */; };
		929374151D17C4EC00B9EDFB /* Main.storyboard in Resources */ = {isa = PBXBuildFile; fileRef = 929374131D17C4EC00B9EDFB /* Main.storyboard */; };
		929374171D17C4EC00B9EDFB /* Assets.xcassets in Resources */ = {isa = PBXBuildFile; fileRef = 929374161D17C4EC00B9EDFB /* Assets.xcassets */; };
		9293741A1D17C4EC00B9EDFB /* LaunchScreen.storyboard in Resources */ = {isa = PBXBuildFile; fileRef = 929374181D17C4EC00B9EDFB /* LaunchScreen.storyboard */; };
		929374241D17C50300B9EDFB /* Area.plist in Resources */ = {isa = PBXBuildFile; fileRef = 929374211D17C50300B9EDFB /* Area.plist */; };
		929374251D17C50300B9EDFB /* City.plist in Resources */ = {isa = PBXBuildFile; fileRef = 929374221D17C50300B9EDFB /* City.plist */; };
		929374261D17C50300B9EDFB /* Province.plist in Resources */ = {isa = PBXBuildFile; fileRef = 929374231D17C50300B9EDFB /* Province.plist */; };
		929374281D17D10100B9EDFB /* BtnViewController.swift in Sources */ = {isa = PBXBuildFile; fileRef = 929374271D17D10100B9EDFB /* BtnViewController.swift */; };
		9293742A1D17D12700B9EDFB /* TextViewController.swift in Sources */ = {isa = PBXBuildFile; fileRef = 929374291D17D12700B9EDFB /* TextViewController.swift */; };
/* End PBXBuildFile section */

/* Begin PBXFileReference section */
		9293740C1D17C4EB00B9EDFB /* ZHZ_test.app */ = {isa = PBXFileReference; explicitFileType = wrapper.application; includeInIndex = 0; path = ZHZ_test.app; sourceTree = BUILT_PRODUCTS_DIR; };
		9293740F1D17C4EC00B9EDFB /* AppDelegate.swift */ = {isa = PBXFileReference; lastKnownFileType = sourcecode.swift; path = AppDelegate.swift; sourceTree = "<group>"; };
		929374111D17C4EC00B9EDFB /* ViewController.swift */ = {isa = PBXFileReference; lastKnownFileType = sourcecode.swift; path = ViewController.swift; sourceTree = "<group>"; };
		929374141D17C4EC00B9EDFB /* Base */ = {isa = PBXFileReference; lastKnownFileType = file.storyboard; name = Base; path = Base.lproj/Main.storyboard; sourceTree = "<group>"; };
		929374161D17C4EC00B9EDFB /* Assets.xcassets */ = {isa = PBXFileReference; lastKnownFileType = folder.assetcatalog; path = Assets.xcassets; sourceTree = "<group>"; };
		929374191D17C4EC00B9EDFB /* Base */ = {isa = PBXFileReference; lastKnownFileType = file.storyboard; name = Base; path = Base.lproj/LaunchScreen.storyboard; sourceTree = "<group>"; };
		9293741B1D17C4EC00B9EDFB /* Info.plist */ = {isa = PBXFileReference; lastKnownFileType = text.plist.xml; path = Info.plist; sourceTree = "<group>"; };
		929374211D17C50300B9EDFB /* Area.plist */ = {isa = PBXFileReference; fileEncoding = 4; lastKnownFileType = text.plist.xml; path = Area.plist; sourceTree = "<group>"; };
		929374221D17C50300B9EDFB /* City.plist */ = {isa = PBXFileReference; fileEncoding = 4; lastKnownFileType = text.plist.xml; path = City.plist; sourceTree = "<group>"; };
		929374231D17C50300B9EDFB /* Province.plist */ = {isa = PBXFileReference; fileEncoding = 4; lastKnownFileType = text.plist.xml; path = Province.plist; sourceTree = "<group>"; };
		929374271D17D10100B9EDFB /* BtnViewController.swift */ = {isa = PBXFileReference; fileEncoding = 4; lastKnownFileType = sourcecode.swift; path = BtnViewController.swift; sourceTree = "<group>"; };
		929374291D17D12700B9EDFB /* TextViewController.swift */ = {isa = PBXFileReference; fileEncoding = 4; lastKnownFileType = sourcecode.swift; path = TextViewController.swift; sourceTree = "<group>"; };
/* End PBXFileReference section */

/* Begin PBXFrameworksBuildPhase section */
		929374091D17C4EB00B9EDFB /* Frameworks */ = {
			isa = PBXFrameworksBuildPhase;
			buildActionMask = 2147483647;
			files = (
			);
			runOnlyForDeploymentPostprocessing = 0;
		};
/* End PBXFrameworksBuildPhase section */

/* Begin PBXGroup section */
		929374031D17C4EB00B9EDFB = {
			isa = PBXGroup;
			children = (
				9293740E1D17C4EC00B9EDFB /* ZHZ_test */,
				9293740D1D17C4EB00B9EDFB /* Products */,
			);
			sourceTree = "<group>";
		};
		9293740D1D17C4EB00B9EDFB /* Products */ = {
			isa = PBXGroup;
			children = (
				9293740C1D17C4EB00B9EDFB /* ZHZ_test.app */,
			);
			name = Products;
			sourceTree = "<group>";
		};
		9293740E1D17C4EC00B9EDFB /* ZHZ_test */ = {
			isa = PBXGroup;
			children = (
				929374211D17C50300B9EDFB /* Area.plist */,
				929374221D17C50300B9EDFB /* City.plist */,
				929374231D17C50300B9EDFB /* Province.plist */,
				9293740F1D17C4EC00B9EDFB /* AppDelegate.swift */,
				929374111D17C4EC00B9EDFB /* ViewController.swift */,
				929374271D17D10100B9EDFB /* BtnViewController.swift */,
				929374291D17D12700B9EDFB /* TextViewController.swift */,
				929374131D17C4EC00B9EDFB /* Main.storyboard */,
				929374161D17C4EC00B9EDFB /* Assets.xcassets */,
				929374181D17C4EC00B9EDFB /* LaunchScreen.storyboard */,
				9293741B1D17C4EC00B9EDFB /* Info.plist */,
			);
			path = ZHZ_test;
			sourceTree = "<group>";
		};
/* End PBXGroup section */

/* Begin PBXNativeTarget section */
		9293740B1D17C4EB00B9EDFB /* ZHZ_test */ = {
			isa = PBXNativeTarget;
			buildConfigurationList = 9293741E1D17C4EC00B9EDFB /* Build configuration list for PBXNativeTarget "ZHZ_test" */;
			buildPhases = (
				929374081D17C4EB00B9EDFB /* Sources */,
				929374091D17C4EB00B9EDFB /* Frameworks */,
				9293740A1D17C4EB00B9EDFB /* Resources */,
			);
			buildRules = (
			);
			dependencies = (
			);
			name = ZHZ_test;
			productName = ZHZ_test;
			productReference = 9293740C1D17C4EB00B9EDFB /* ZHZ_test.app */;
			productType = "com.apple.product-type.application";
		};
/* End PBXNativeTarget section */

/* Begin PBXProject section */
		929374041D17C4EB00B9EDFB /* Project object */ = {
			isa = PBXProject;
			attributes = {
				LastSwiftUpdateCheck = 0730;
				LastUpgradeCheck = 0730;
				ORGANIZATIONNAME = zhanghangzhen;
				TargetAttributes = {
					9293740B1D17C4EB00B9EDFB = {
						CreatedOnToolsVersion = 7.3.1;
					};
				};
			};
			buildConfigurationList = 929374071D17C4EB00B9EDFB /* Build configuration list for PBXProject "ZHZ_test" */;
			compatibilityVersion = "Xcode 3.2";
			developmentRegion = English;
			hasScannedForEncodings = 0;
			knownRegions = (
				en,
				Base,
			);
			mainGroup = 929374031D17C4EB00B9EDFB;
			productRefGroup = 9293740D1D17C4EB00B9EDFB /* Products */;
			projectDirPath = "";
			projectRoot = "";
			targets = (
				9293740B1D17C4EB00B9EDFB /* ZHZ_test */,
			);
		};
/* End PBXProject section */

/* Begin PBXResourcesBuildPhase section */
		9293740A1D17C4EB00B9EDFB /* Resources */ = {
			isa = PBXResourcesBuildPhase;
			buildActionMask = 2147483647;
			files = (
				9293741A1D17C4EC00B9EDFB /* LaunchScreen.storyboard in Resources */,
				929374251D17C50300B9EDFB /* City.plist in Resources */,
				929374261D17C50300B9EDFB /* Province.plist in Resources */,
				929374241D17C50300B9EDFB /* Area.plist in Resources */,
				929374171D17C4EC00B9EDFB /* Assets.xcassets in Resources */,
				929374151D17C4EC00B9EDFB /* Main.storyboard in Resources */,
			);
			runOnlyForDeploymentPostprocessing = 0;
		};
/* End PBXResourcesBuildPhase section */

/* Begin PBXSourcesBuildPhase section */
		929374081D17C4EB00B9EDFB /* Sources */ = {
			isa = PBXSourcesBuildPhase;
			buildActionMask = 2147483647;
			files = (
				929374281D17D10100B9EDFB /* BtnViewController.swift in Sources */,
				929374121D17C4EC00B9EDFB /* ViewController.swift in Sources */,
				929374101D17C4EC00B9EDFB /* AppDelegate.swift in Sources */,
				9293742A1D17D12700B9EDFB /* TextViewController.swift in Sources */,
			);
			runOnlyForDeploymentPostprocessing = 0;
		};
/* End PBXSourcesBuildPhase section */

/* Begin PBXVariantGroup section */
		929374131D17C4EC00B9EDFB /* Main.storyboard */ = {
			isa = PBXVariantGroup;
			children = (
				929374141D17C4EC00B9EDFB /* Base */,
			);
			name = Main.storyboard;
			sourceTree = "<group>";
		};
		929374181D17C4EC00B9EDFB /* LaunchScreen.storyboard */ = {
			isa = PBXVariantGroup;
			children = (
				929374191D17C4EC00B9EDFB /* Base */,
			);
			name = LaunchScreen.storyboard;
			sourceTree = "<group>";
		};
/* End PBXVariantGroup section */

/* Begin XCBuildConfiguration section */
		9293741C1D17C4EC00B9EDFB /* Debug */ = {
			isa = XCBuildConfiguration;
			buildSettings = {
				ALWAYS_SEARCH_USER_PATHS = NO;
				CLANG_ANALYZER_NONNULL = YES;
				CLANG_CXX_LANGUAGE_STANDARD = "gnu++0x";
				CLANG_CXX_LIBRARY = "libc++";
				CLANG_ENABLE_MODULES = YES;
				CLANG_ENABLE_OBJC_ARC = YES;
				CLANG_WARN_BOOL_CONVERSION = YES;
				CLANG_WARN_CONSTANT_CONVERSION = YES;
				CLANG_WARN_DIRECT_OBJC_ISA_USAGE = YES_ERROR;
				CLANG_WARN_EMPTY_BODY = YES;
				CLANG_WARN_ENUM_CONVERSION = YES;
				CLANG_WARN_INT_CONVERSION = YES;
				CLANG_WARN_OBJC_ROOT_CLASS = YES_ERROR;
				CLANG_WARN_UNREACHABLE_CODE = YES;
				CLANG_WARN__DUPLICATE_METHOD_MATCH = YES;
				"CODE_SIGN_IDENTITY[sdk=iphoneos*]" = "iPhone Developer";
				COPY_PHASE_STRIP = NO;
				DEBUG_INFORMATION_FORMAT = dwarf;
				ENABLE_STRICT_OBJC_MSGSEND = YES;
				ENABLE_TESTABILITY = YES;
				GCC_C_LANGUAGE_STANDARD = gnu99;
				GCC_DYNAMIC_NO_PIC = NO;
				GCC_NO_COMMON_BLOCKS = YES;
				GCC_OPTIMIZATION_LEVEL = 0;
				GCC_PREPROCESSOR_DEFINITIONS = (
					"DEBUG=1",
					"$(inherited)",
				);
				GCC_WARN_64_TO_32_BIT_CONVERSION = YES;
				GCC_WARN_ABOUT_RETURN_TYPE = YES_ERROR;
				GCC_WARN_UNDECLARED_SELECTOR = YES;
				GCC_WARN_UNINITIALIZED_AUTOS = YES_AGGRESSIVE;
				GCC_WARN_UNUSED_FUNCTION = YES;
				GCC_WARN_UNUSED_VARIABLE = YES;
				IPHONEOS_DEPLOYMENT_TARGET = 9.3;
				MTL_ENABLE_DEBUG_INFO = YES;
				ONLY_ACTIVE_ARCH = YES;
				SDKROOT = iphoneos;
				SWIFT_OPTIMIZATION_LEVEL = "-Onone";
			};
			name = Debug;
		};
		9293741D1D17C4EC00B9EDFB /* Release */ = {
			isa = XCBuildConfiguration;
			buildSettings = {
				ALWAYS_SEARCH_USER_PATHS = NO;
				CLANG_ANALYZER_NONNULL = YES;
				CLANG_CXX_LANGUAGE_STANDARD = "gnu++0x";
				CLANG_CXX_LIBRARY = "libc++";
				CLANG_ENABLE_MODULES = YES;
				CLANG_ENABLE_OBJC_ARC = YES;
				CLANG_WARN_BOOL_CONVERSION = YES;
				CLANG_WARN_CONSTANT_CONVERSION = YES;
				CLANG_WARN_DIRECT_OBJC_ISA_USAGE = YES_ERROR;
				CLANG_WARN_EMPTY_BODY = YES;
				CLANG_WARN_ENUM_CONVERSION = YES;
				CLANG_WARN_INT_CONVERSION = YES;
				CLANG_WARN_OBJC_ROOT_CLASS = YES_ERROR;
				CLANG_WARN_UNREACHABLE_CODE = YES;
				CLANG_WARN__DUPLICATE_METHOD_MATCH = YES;
				"CODE_SIGN_IDENTITY[sdk=iphoneos*]" = "iPhone Developer";
				COPY_PHASE_STRIP = NO;
				DEBUG_INFORMATION_FORMAT = "dwarf-with-dsym";
				ENABLE_NS_ASSERTIONS = NO;
				ENABLE_STRICT_OBJC_MSGSEND = YES;
				GCC_C_LANGUAGE_STANDARD = gnu99;
				GCC_NO_COMMON_BLOCKS = YES;
				GCC_WARN_64_TO_32_BIT_CONVERSION = YES;
				GCC_WARN_ABOUT_RETURN_TYPE = YES_ERROR;
				GCC_WARN_UNDECLARED_SELECTOR = YES;
				GCC_WARN_UNINITIALIZED_AUTOS = YES_AGGRESSIVE;
				GCC_WARN_UNUSED_FUNCTION = YES;
				GCC_WARN_UNUSED_VARIABLE = YES;
				IPHONEOS_DEPLOYMENT_TARGET = 9.3;
				MTL_ENABLE_DEBUG_INFO = NO;
				SDKROOT = iphoneos;
				VALIDATE_PRODUCT = YES;
			};
			name = Release;
		};
		9293741F1D17C4EC00B9EDFB /* Debug */ = {
			isa = XCBuildConfiguration;
			buildSettings = {
				ASSETCATALOG_COMPILER_APPICON_NAME = AppIcon;
				INFOPLIST_FILE = ZHZ_test/Info.plist;
				IPHONEOS_DEPLOYMENT_TARGET = 9.0;
				LD_RUNPATH_SEARCH_PATHS = "$(inherited) @executable_path/Frameworks";
				PRODUCT_BUNDLE_IDENTIFIER = "com.xbk.ZHZ-test";
				PRODUCT_NAME = "$(TARGET_NAME)";
			};
			name = Debug;
		};
		929374201D17C4EC00B9EDFB /* Release */ = {
			isa = XCBuildConfiguration;
			buildSettings = {
				ASSETCATALOG_COMPILER_APPICON_NAME = AppIcon;
				INFOPLIST_FILE = ZHZ_test/Info.plist;
				IPHONEOS_DEPLOYMENT_TARGET = 9.0;
				LD_RUNPATH_SEARCH_PATHS = "$(inherited) @executable_path/Frameworks";
				PRODUCT_BUNDLE_IDENTIFIER = "com.xbk.ZHZ-test";
				PRODUCT_NAME = "$(TARGET_NAME)";
			};
			name = Release;
		};
/* End XCBuildConfiguration section */

/* Begin XCConfigurationList section */
		929374071D17C4EB00B9EDFB /* Build configuration list for PBXProject "ZHZ_test" */ = {
			isa = XCConfigurationList;
			buildConfigurations = (
				9293741C1D17C4EC00B9EDFB /* Debug */,
				9293741D1D17C4EC00B9EDFB /* Release */,
			);
			defaultConfigurationIsVisible = 0;
			defaultConfigurationName = Release;
		};
		9293741E1D17C4EC00B9EDFB /* Build configuration list for PBXNativeTarget "ZHZ_test" */ = {
			isa = XCConfigurationList;
			buildConfigurations = (
				9293741F1D17C4EC00B9EDFB /* Debug */,
				929374201D17C4EC00B9EDFB /* Release */,
			);
			defaultConfigurationIsVisible = 0;
		};
/* End XCConfigurationList section */
	};
	rootObject = 929374041D17C4EB00B9EDFB /* Project object */;
}
